// !$*UTF8*$!
{
	archiveVersion = 1;
	classes = {
	};
	objectVersion = 56;
	objects = {

/* Begin PBXBuildFile section */
		6909ECA12A26878100998D51 /* VicinusApp.swift in Sources */ = {isa = PBXBuildFile; fileRef = 6909ECA02A26878100998D51 /* VicinusApp.swift */; };
		6909ECA32A26878100998D51 /* ContentView.swift in Sources */ = {isa = PBXBuildFile; fileRef = 6909ECA22A26878100998D51 /* ContentView.swift */; };
		6909ECA52A26878200998D51 /* Assets.xcassets in Resources */ = {isa = PBXBuildFile; fileRef = 6909ECA42A26878200998D51 /* Assets.xcassets */; };
		6909ECA92A26878200998D51 /* Preview Assets.xcassets in Resources */ = {isa = PBXBuildFile; fileRef = 6909ECA82A26878200998D51 /* Preview Assets.xcassets */; };
		69ABD2A82A26993A0037F661 /* Roboto-Bold.ttf in Resources */ = {isa = PBXBuildFile; fileRef = 69ABD2A52A26993A0037F661 /* Roboto-Bold.ttf */; };
		69ABD2A92A26993A0037F661 /* Roboto-Medium.ttf in Resources */ = {isa = PBXBuildFile; fileRef = 69ABD2A62A26993A0037F661 /* Roboto-Medium.ttf */; };
		69ABD2AA2A26993A0037F661 /* Roboto-Regular.ttf in Resources */ = {isa = PBXBuildFile; fileRef = 69ABD2A72A26993A0037F661 /* Roboto-Regular.ttf */; };
		69ABD2B12A269AD60037F661 /* FontStyle.swift in Sources */ = {isa = PBXBuildFile; fileRef = 69ABD2B02A269AD60037F661 /* FontStyle.swift */; };
		69ABD2B32A269E2F0037F661 /* Color.swift in Sources */ = {isa = PBXBuildFile; fileRef = 69ABD2B22A269E2F0037F661 /* Color.swift */; };
/* End PBXBuildFile section */

/* Begin PBXFileReference section */
		6909EC9D2A26878100998D51 /* Vicinus.app */ = {isa = PBXFileReference; explicitFileType = wrapper.application; includeInIndex = 0; path = Vicinus.app; sourceTree = BUILT_PRODUCTS_DIR; };
		6909ECA02A26878100998D51 /* VicinusApp.swift */ = {isa = PBXFileReference; lastKnownFileType = sourcecode.swift; path = VicinusApp.swift; sourceTree = "<group>"; };
		6909ECA22A26878100998D51 /* ContentView.swift */ = {isa = PBXFileReference; lastKnownFileType = sourcecode.swift; path = ContentView.swift; sourceTree = "<group>"; };
		6909ECA42A26878200998D51 /* Assets.xcassets */ = {isa = PBXFileReference; lastKnownFileType = folder.assetcatalog; path = Assets.xcassets; sourceTree = "<group>"; };
		6909ECA62A26878200998D51 /* Vicinus.entitlements */ = {isa = PBXFileReference; lastKnownFileType = text.plist.entitlements; path = Vicinus.entitlements; sourceTree = "<group>"; };
		6909ECA82A26878200998D51 /* Preview Assets.xcassets */ = {isa = PBXFileReference; lastKnownFileType = folder.assetcatalog; path = "Preview Assets.xcassets"; sourceTree = "<group>"; };
		69ABD2A52A26993A0037F661 /* Roboto-Bold.ttf */ = {isa = PBXFileReference; lastKnownFileType = file; path = "Roboto-Bold.ttf"; sourceTree = "<group>"; };
		69ABD2A62A26993A0037F661 /* Roboto-Medium.ttf */ = {isa = PBXFileReference; lastKnownFileType = file; path = "Roboto-Medium.ttf"; sourceTree = "<group>"; };
		69ABD2A72A26993A0037F661 /* Roboto-Regular.ttf */ = {isa = PBXFileReference; lastKnownFileType = file; path = "Roboto-Regular.ttf"; sourceTree = "<group>"; };
		69ABD2AB2A2699710037F661 /* Info.plist */ = {isa = PBXFileReference; lastKnownFileType = text.plist; path = Info.plist; sourceTree = "<group>"; };
		69ABD2B02A269AD60037F661 /* FontStyle.swift */ = {isa = PBXFileReference; lastKnownFileType = sourcecode.swift; path = FontStyle.swift; sourceTree = "<group>"; };
		69ABD2B22A269E2F0037F661 /* Color.swift */ = {isa = PBXFileReference; lastKnownFileType = sourcecode.swift; path = Color.swift; sourceTree = "<group>"; };
/* End PBXFileReference section */

/* Begin PBXFrameworksBuildPhase section */
		6909EC9A2A26878100998D51 /* Frameworks */ = {
			isa = PBXFrameworksBuildPhase;
			buildActionMask = 2147483647;
			files = (
			);
			runOnlyForDeploymentPostprocessing = 0;
		};
/* End PBXFrameworksBuildPhase section */

/* Begin PBXGroup section */
		6909EC942A26878100998D51 = {
			isa = PBXGroup;
			children = (
				6909EC9F2A26878100998D51 /* Vicinus */,
				6909EC9E2A26878100998D51 /* Products */,
			);
			sourceTree = "<group>";
		};
		6909EC9E2A26878100998D51 /* Products */ = {
			isa = PBXGroup;
			children = (
				6909EC9D2A26878100998D51 /* Vicinus.app */,
			);
			name = Products;
			sourceTree = "<group>";
		};
		6909EC9F2A26878100998D51 /* Vicinus */ = {
			isa = PBXGroup;
			children = (
				69ABD2AB2A2699710037F661 /* Info.plist */,
				69ABD2AC2A269A2A0037F661 /* Sources */,
				69ABD2A32A26989F0037F661 /* Resources */,
				6909ECA02A26878100998D51 /* VicinusApp.swift */,
				6909ECA22A26878100998D51 /* ContentView.swift */,
				6909ECA62A26878200998D51 /* Vicinus.entitlements */,
				6909ECA72A26878200998D51 /* Preview Content */,
			);
			path = Vicinus;
			sourceTree = "<group>";
		};
		6909ECA72A26878200998D51 /* Preview Content */ = {
			isa = PBXGroup;
			children = (
				6909ECA82A26878200998D51 /* Preview Assets.xcassets */,
			);
			path = "Preview Content";
			sourceTree = "<group>";
		};
		69ABD2A32A26989F0037F661 /* Resources */ = {
			isa = PBXGroup;
			children = (
				69ABD2A42A2698C80037F661 /* Fonts */,
				6909ECA42A26878200998D51 /* Assets.xcassets */,
			);
			path = Resources;
			sourceTree = "<group>";
		};
		69ABD2A42A2698C80037F661 /* Fonts */ = {
			isa = PBXGroup;
			children = (
				69ABD2A52A26993A0037F661 /* Roboto-Bold.ttf */,
				69ABD2A62A26993A0037F661 /* Roboto-Medium.ttf */,
				69ABD2A72A26993A0037F661 /* Roboto-Regular.ttf */,
			);
			path = Fonts;
			sourceTree = "<group>";
		};
		69ABD2AC2A269A2A0037F661 /* Sources */ = {
			isa = PBXGroup;
			children = (
				69ABD2AF2A269A880037F661 /* App */,
				69ABD2AE2A269A710037F661 /* Extensions */,
				69ABD2AD2A269A580037F661 /* Scenes */,
			);
			path = Sources;
			sourceTree = "<group>";
		};
		69ABD2AD2A269A580037F661 /* Scenes */ = {
			isa = PBXGroup;
			children = (
			);
			path = Scenes;
			sourceTree = "<group>";
		};
		69ABD2AE2A269A710037F661 /* Extensions */ = {
			isa = PBXGroup;
			children = (
			);
			path = Extensions;
			sourceTree = "<group>";
		};
		69ABD2AF2A269A880037F661 /* App */ = {
			isa = PBXGroup;
			children = (
				69ABD2B02A269AD60037F661 /* FontStyle.swift */,
				69ABD2B22A269E2F0037F661 /* Color.swift */,
			);
			path = App;
			sourceTree = "<group>";
		};
/* End PBXGroup section */

/* Begin PBXNativeTarget section */
		6909EC9C2A26878100998D51 /* Vicinus */ = {
			isa = PBXNativeTarget;
			buildConfigurationList = 6909ECAC2A26878200998D51 /* Build configuration list for PBXNativeTarget "Vicinus" */;
			buildPhases = (
				6909EC992A26878100998D51 /* Sources */,
				6909EC9A2A26878100998D51 /* Frameworks */,
				6909EC9B2A26878100998D51 /* Resources */,
			);
			buildRules = (
			);
			dependencies = (
			);
			name = Vicinus;
			productName = Vicinus;
			productReference = 6909EC9D2A26878100998D51 /* Vicinus.app */;
			productType = "com.apple.product-type.application";
		};
/* End PBXNativeTarget section */

/* Begin PBXProject section */
		6909EC952A26878100998D51 /* Project object */ = {
			isa = PBXProject;
			attributes = {
				BuildIndependentTargetsInParallel = 1;
				LastSwiftUpdateCheck = 1430;
				LastUpgradeCheck = 1430;
				TargetAttributes = {
					6909EC9C2A26878100998D51 = {
						CreatedOnToolsVersion = 14.3;
					};
				};
			};
			buildConfigurationList = 6909EC982A26878100998D51 /* Build configuration list for PBXProject "Vicinus" */;
			compatibilityVersion = "Xcode 14.0";
			developmentRegion = en;
			hasScannedForEncodings = 0;
			knownRegions = (
				en,
				Base,
			);
			mainGroup = 6909EC942A26878100998D51;
			productRefGroup = 6909EC9E2A26878100998D51 /* Products */;
			projectDirPath = "";
			projectRoot = "";
			targets = (
				6909EC9C2A26878100998D51 /* Vicinus */,
			);
		};
/* End PBXProject section */

/* Begin PBXResourcesBuildPhase section */
		6909EC9B2A26878100998D51 /* Resources */ = {
			isa = PBXResourcesBuildPhase;
			buildActionMask = 2147483647;
			files = (
				69ABD2A92A26993A0037F661 /* Roboto-Medium.ttf in Resources */,
				6909ECA92A26878200998D51 /* Preview Assets.xcassets in Resources */,
				69ABD2AA2A26993A0037F661 /* Roboto-Regular.ttf in Resources */,
				6909ECA52A26878200998D51 /* Assets.xcassets in Resources */,
				69ABD2A82A26993A0037F661 /* Roboto-Bold.ttf in Resources */,
			);
			runOnlyForDeploymentPostprocessing = 0;
		};
/* End PBXResourcesBuildPhase section */

/* Begin PBXSourcesBuildPhase section */
		6909EC992A26878100998D51 /* Sources */ = {
			isa = PBXSourcesBuildPhase;
			buildActionMask = 2147483647;
			files = (
				6909ECA32A26878100998D51 /* ContentView.swift in Sources */,
				69ABD2B32A269E2F0037F661 /* Color.swift in Sources */,
				6909ECA12A26878100998D51 /* VicinusApp.swift in Sources */,
				69ABD2B12A269AD60037F661 /* FontStyle.swift in Sources */,
			);
			runOnlyForDeploymentPostprocessing = 0;
		};
/* End PBXSourcesBuildPhase section */

/* Begin XCBuildConfiguration section */
		6909ECAA2A26878200998D51 /* Debug */ = {
			isa = XCBuildConfiguration;
			buildSettings = {
				ALWAYS_SEARCH_USER_PATHS = NO;
				CLANG_ANALYZER_NONNULL = YES;
				CLANG_ANALYZER_NUMBER_OBJECT_CONVERSION = YES_AGGRESSIVE;
				CLANG_CXX_LANGUAGE_STANDARD = "gnu++20";
				CLANG_ENABLE_MODULES = YES;
				CLANG_ENABLE_OBJC_ARC = YES;
				CLANG_ENABLE_OBJC_WEAK = YES;
				CLANG_WARN_BLOCK_CAPTURE_AUTORELEASING = YES;
				CLANG_WARN_BOOL_CONVERSION = YES;
				CLANG_WARN_COMMA = YES;
				CLANG_WARN_CONSTANT_CONVERSION = YES;
				CLANG_WARN_DEPRECATED_OBJC_IMPLEMENTATIONS = YES;
				CLANG_WARN_DIRECT_OBJC_ISA_USAGE = YES_ERROR;
				CLANG_WARN_DOCUMENTATION_COMMENTS = YES;
				CLANG_WARN_EMPTY_BODY = YES;
				CLANG_WARN_ENUM_CONVERSION = YES;
				CLANG_WARN_INFINITE_RECURSION = YES;
				CLANG_WARN_INT_CONVERSION = YES;
				CLANG_WARN_NON_LITERAL_NULL_CONVERSION = YES;
				CLANG_WARN_OBJC_IMPLICIT_RETAIN_SELF = YES;
				CLANG_WARN_OBJC_LITERAL_CONVERSION = YES;
				CLANG_WARN_OBJC_ROOT_CLASS = YES_ERROR;
				CLANG_WARN_QUOTED_INCLUDE_IN_FRAMEWORK_HEADER = YES;
				CLANG_WARN_RANGE_LOOP_ANALYSIS = YES;
				CLANG_WARN_STRICT_PROTOTYPES = YES;
				CLANG_WARN_SUSPICIOUS_MOVE = YES;
				CLANG_WARN_UNGUARDED_AVAILABILITY = YES_AGGRESSIVE;
				CLANG_WARN_UNREACHABLE_CODE = YES;
				CLANG_WARN__DUPLICATE_METHOD_MATCH = YES;
				COPY_PHASE_STRIP = NO;
				DEBUG_INFORMATION_FORMAT = dwarf;
				ENABLE_STRICT_OBJC_MSGSEND = YES;
				ENABLE_TESTABILITY = YES;
				GCC_C_LANGUAGE_STANDARD = gnu11;
				GCC_DYNAMIC_NO_PIC = NO;
				GCC_NO_COMMON_BLOCKS = YES;
				GCC_OPTIMIZATION_LEVEL = 0;
				GCC_PREPROCESSOR_DEFINITIONS = (
					"DEBUG=1",
					"$(inherited)",
				);
				GCC_WARN_64_TO_32_BIT_CONVERSION = YES;
				GCC_WARN_ABOUT_RETURN_TYPE = YES_ERROR;
				GCC_WARN_UNDECLARED_SELECTOR = YES;
				GCC_WARN_UNINITIALIZED_AUTOS = YES_AGGRESSIVE;
				GCC_WARN_UNUSED_FUNCTION = YES;
				GCC_WARN_UNUSED_VARIABLE = YES;
				MTL_ENABLE_DEBUG_INFO = INCLUDE_SOURCE;
				MTL_FAST_MATH = YES;
				ONLY_ACTIVE_ARCH = YES;
				SWIFT_ACTIVE_COMPILATION_CONDITIONS = DEBUG;
				SWIFT_OPTIMIZATION_LEVEL = "-Onone";
			};
			name = Debug;
		};
		6909ECAB2A26878200998D51 /* Release */ = {
			isa = XCBuildConfiguration;
			buildSettings = {
				ALWAYS_SEARCH_USER_PATHS = NO;
				CLANG_ANALYZER_NONNULL = YES;
				CLANG_ANALYZER_NUMBER_OBJECT_CONVERSION = YES_AGGRESSIVE;
				CLANG_CXX_LANGUAGE_STANDARD = "gnu++20";
				CLANG_ENABLE_MODULES = YES;
				CLANG_ENABLE_OBJC_ARC = YES;
				CLANG_ENABLE_OBJC_WEAK = YES;
				CLANG_WARN_BLOCK_CAPTURE_AUTORELEASING = YES;
				CLANG_WARN_BOOL_CONVERSION = YES;
				CLANG_WARN_COMMA = YES;
				CLANG_WARN_CONSTANT_CONVERSION = YES;
				CLANG_WARN_DEPRECATED_OBJC_IMPLEMENTATIONS = YES;
				CLANG_WARN_DIRECT_OBJC_ISA_USAGE = YES_ERROR;
				CLANG_WARN_DOCUMENTATION_COMMENTS = YES;
				CLANG_WARN_EMPTY_BODY = YES;
				CLANG_WARN_ENUM_CONVERSION = YES;
				CLANG_WARN_INFINITE_RECURSION = YES;
				CLANG_WARN_INT_CONVERSION = YES;
				CLANG_WARN_NON_LITERAL_NULL_CONVERSION = YES;
				CLANG_WARN_OBJC_IMPLICIT_RETAIN_SELF = YES;
				CLANG_WARN_OBJC_LITERAL_CONVERSION = YES;
				CLANG_WARN_OBJC_ROOT_CLASS = YES_ERROR;
				CLANG_WARN_QUOTED_INCLUDE_IN_FRAMEWORK_HEADER = YES;
				CLANG_WARN_RANGE_LOOP_ANALYSIS = YES;
				CLANG_WARN_STRICT_PROTOTYPES = YES;
				CLANG_WARN_SUSPICIOUS_MOVE = YES;
				CLANG_WARN_UNGUARDED_AVAILABILITY = YES_AGGRESSIVE;
				CLANG_WARN_UNREACHABLE_CODE = YES;
				CLANG_WARN__DUPLICATE_METHOD_MATCH = YES;
				COPY_PHASE_STRIP = NO;
				DEBUG_INFORMATION_FORMAT = "dwarf-with-dsym";
				ENABLE_NS_ASSERTIONS = NO;
				ENABLE_STRICT_OBJC_MSGSEND = YES;
				GCC_C_LANGUAGE_STANDARD = gnu11;
				GCC_NO_COMMON_BLOCKS = YES;
				GCC_WARN_64_TO_32_BIT_CONVERSION = YES;
				GCC_WARN_ABOUT_RETURN_TYPE = YES_ERROR;
				GCC_WARN_UNDECLARED_SELECTOR = YES;
				GCC_WARN_UNINITIALIZED_AUTOS = YES_AGGRESSIVE;
				GCC_WARN_UNUSED_FUNCTION = YES;
				GCC_WARN_UNUSED_VARIABLE = YES;
				MTL_ENABLE_DEBUG_INFO = NO;
				MTL_FAST_MATH = YES;
				SWIFT_COMPILATION_MODE = wholemodule;
				SWIFT_OPTIMIZATION_LEVEL = "-O";
			};
			name = Release;
		};
		6909ECAD2A26878200998D51 /* Debug */ = {
			isa = XCBuildConfiguration;
			buildSettings = {
				ASSETCATALOG_COMPILER_APPICON_NAME = AppIcon;
				ASSETCATALOG_COMPILER_GLOBAL_ACCENT_COLOR_NAME = AccentColor;
				CODE_SIGN_ENTITLEMENTS = Vicinus/Vicinus.entitlements;
				CODE_SIGN_STYLE = Automatic;
				CURRENT_PROJECT_VERSION = 1;
				DEVELOPMENT_ASSET_PATHS = "\"Vicinus/Preview Content\"";
				DEVELOPMENT_TEAM = 38Q6TG2KG3;
				ENABLE_HARDENED_RUNTIME = YES;
				ENABLE_PREVIEWS = YES;
				GENERATE_INFOPLIST_FILE = YES;
				INFOPLIST_FILE = Vicinus/Info.plist;
				"INFOPLIST_KEY_UIApplicationSceneManifest_Generation[sdk=iphoneos*]" = YES;
				"INFOPLIST_KEY_UIApplicationSceneManifest_Generation[sdk=iphonesimulator*]" = YES;
				"INFOPLIST_KEY_UIApplicationSupportsIndirectInputEvents[sdk=iphoneos*]" = YES;
				"INFOPLIST_KEY_UIApplicationSupportsIndirectInputEvents[sdk=iphonesimulator*]" = YES;
				"INFOPLIST_KEY_UILaunchScreen_Generation[sdk=iphoneos*]" = YES;
				"INFOPLIST_KEY_UILaunchScreen_Generation[sdk=iphonesimulator*]" = YES;
				"INFOPLIST_KEY_UIStatusBarStyle[sdk=iphoneos*]" = UIStatusBarStyleDefault;
				"INFOPLIST_KEY_UIStatusBarStyle[sdk=iphonesimulator*]" = UIStatusBarStyleDefault;
				INFOPLIST_KEY_UISupportedInterfaceOrientations_iPad = "UIInterfaceOrientationPortrait UIInterfaceOrientationPortraitUpsideDown UIInterfaceOrientationLandscapeLeft UIInterfaceOrientationLandscapeRight";
				INFOPLIST_KEY_UISupportedInterfaceOrientations_iPhone = "UIInterfaceOrientationPortrait UIInterfaceOrientationLandscapeLeft UIInterfaceOrientationLandscapeRight";
				IPHONEOS_DEPLOYMENT_TARGET = 16.4;
				LD_RUNPATH_SEARCH_PATHS = "@executable_path/Frameworks";
				"LD_RUNPATH_SEARCH_PATHS[sdk=macosx*]" = "@executable_path/../Frameworks";
				MACOSX_DEPLOYMENT_TARGET = 13.2;
				MARKETING_VERSION = 1.0;
				PRODUCT_BUNDLE_IDENTIFIER = vicinus.adamczyk.com.Vicinus;
				PRODUCT_NAME = "$(TARGET_NAME)";
				SDKROOT = auto;
				SUPPORTED_PLATFORMS = "iphoneos iphonesimulator macosx";
				SWIFT_EMIT_LOC_STRINGS = YES;
				SWIFT_VERSION = 5.0;
				TARGETED_DEVICE_FAMILY = "1,2";
			};
			name = Debug;
		};
		6909ECAE2A26878200998D51 /* Release */ = {
			isa = XCBuildConfiguration;
			buildSettings = {
				ASSETCATALOG_COMPILER_APPICON_NAME = AppIcon;
				ASSETCATALOG_COMPILER_GLOBAL_ACCENT_COLOR_NAME = AccentColor;
				CODE_SIGN_ENTITLEMENTS = Vicinus/Vicinus.entitlements;
				CODE_SIGN_STYLE = Automatic;
				CURRENT_PROJECT_VERSION = 1;
				DEVELOPMENT_ASSET_PATHS = "\"Vicinus/Preview Content\"";
				DEVELOPMENT_TEAM = 38Q6TG2KG3;
				ENABLE_HARDENED_RUNTIME = YES;
				ENABLE_PREVIEWS = YES;
				GENERATE_INFOPLIST_FILE = YES;
				INFOPLIST_FILE = Vicinus/Info.plist;
				"INFOPLIST_KEY_UIApplicationSceneManifest_Generation[sdk=iphoneos*]" = YES;
				"INFOPLIST_KEY_UIApplicationSceneManifest_Generation[sdk=iphonesimulator*]" = YES;
				"INFOPLIST_KEY_UIApplicationSupportsIndirectInputEvents[sdk=iphoneos*]" = YES;
				"INFOPLIST_KEY_UIApplicationSupportsIndirectInputEvents[sdk=iphonesimulator*]" = YES;
				"INFOPLIST_KEY_UILaunchScreen_Generation[sdk=iphoneos*]" = YES;
				"INFOPLIST_KEY_UILaunchScreen_Generation[sdk=iphonesimulator*]" = YES;
				"INFOPLIST_KEY_UIStatusBarStyle[sdk=iphoneos*]" = UIStatusBarStyleDefault;
				"INFOPLIST_KEY_UIStatusBarStyle[sdk=iphonesimulator*]" = UIStatusBarStyleDefault;
				INFOPLIST_KEY_UISupportedInterfaceOrientations_iPad = "UIInterfaceOrientationPortrait UIInterfaceOrientationPortraitUpsideDown UIInterfaceOrientationLandscapeLeft UIInterfaceOrientationLandscapeRight";
				INFOPLIST_KEY_UISupportedInterfaceOrientations_iPhone = "UIInterfaceOrientationPortrait UIInterfaceOrientationLandscapeLeft UIInterfaceOrientationLandscapeRight";
				IPHONEOS_DEPLOYMENT_TARGET = 16.4;
				LD_RUNPATH_SEARCH_PATHS = "@executable_path/Frameworks";
				"LD_RUNPATH_SEARCH_PATHS[sdk=macosx*]" = "@executable_path/../Frameworks";
				MACOSX_DEPLOYMENT_TARGET = 13.2;
				MARKETING_VERSION = 1.0;
				PRODUCT_BUNDLE_IDENTIFIER = vicinus.adamczyk.com.Vicinus;
				PRODUCT_NAME = "$(TARGET_NAME)";
				SDKROOT = auto;
				SUPPORTED_PLATFORMS = "iphoneos iphonesimulator macosx";
				SWIFT_EMIT_LOC_STRINGS = YES;
				SWIFT_VERSION = 5.0;
				TARGETED_DEVICE_FAMILY = "1,2";
			};
			name = Release;
		};
/* End XCBuildConfiguration section */

/* Begin XCConfigurationList section */
		6909EC982A26878100998D51 /* Build configuration list for PBXProject "Vicinus" */ = {
			isa = XCConfigurationList;
			buildConfigurations = (
				6909ECAA2A26878200998D51 /* Debug */,
				6909ECAB2A26878200998D51 /* Release */,
			);
			defaultConfigurationIsVisible = 0;
			defaultConfigurationName = Release;
		};
		6909ECAC2A26878200998D51 /* Build configuration list for PBXNativeTarget "Vicinus" */ = {
			isa = XCConfigurationList;
			buildConfigurations = (
				6909ECAD2A26878200998D51 /* Debug */,
				6909ECAE2A26878200998D51 /* Release */,
			);
			defaultConfigurationIsVisible = 0;
			defaultConfigurationName = Release;
		};
/* End XCConfigurationList section */
	};
	rootObject = 6909EC952A26878100998D51 /* Project object */;
}
